Microsoft Visual Studio Solution File, Format Version 12.00
# Visual Studio Version 17
VisualStudioVersion = 17.5.2.0
MinimumVisualStudioVersion = 10.0.40219.1
Project("{FAE04EC0-301F-11D3-BF4B-00C04F79EFBC}") = "CustomDate.Tests", "CustomDate.Tests.csproj", "{64A694B6-B54D-CB9B-0A8B-D4F2723FC1E3}"
EndProject
Global
	GlobalSection(SolutionConfigurationPlatforms) = preSolution
		Debug|Any CPU = Debug|Any CPU
		Release|Any CPU = Release|Any CPU
	EndGlobalSection
	GlobalSection(ProjectConfigurationPlatforms) = postSolution
		{64A694B6-B54D-CB9B-0A8B-D4F2723FC1E3}.Debug|Any CPU.ActiveCfg = Debug|Any CPU
		{64A694B6-B54D-CB9B-0A8B-D4F2723FC1E3}.Debug|Any CPU.Build.0 = Debug|Any CPU
		{64A694B6-B54D-CB9B-0A8B-D4F2723FC1E3}.Release|Any CPU.ActiveCfg = Release|Any CPU
		{64A694B6-B54D-CB9B-0A8B-D4F2723FC1E3}.Release|Any CPU.Build.0 = Release|Any CPU
	EndGlobalSection
	GlobalSection(SolutionProperties) = preSolution
		HideSolutionNode = FALSE
	EndGlobalSection
	GlobalSection(ExtensibilityGlobals) = postSolution
		SolutionGuid = {3A445C75-ED8F-45A4-B452-83A76DE49167}
	EndGlobalSection
EndGlobal
